
Microsoft Visual Studio Solution File, Format Version 12.00
# Visual Studio Version 17
VisualStudioVersion = 17.10.34928.147
MinimumVisualStudioVersion = 10.0.40219.1
Project("{FAE04EC0-301F-11D3-BF4B-00C04F79EFBC}") = "Cyberbox", "Cyberbox\Cyberbox.csproj", "{A25449C0-986D-4E08-8425-1865A6EC4CCA}"
EndProject
Global
	GlobalSection(SolutionConfigurationPlatforms) = preSolution
		Debug|Any CPU = Debug|Any CPU
		Release|Any CPU = Release|Any CPU
	EndGlobalSection
	GlobalSection(ProjectConfigurationPlatforms) = postSolution
		{A25449C0-986D-4E08-8425-1865A6EC4CCA}.Debug|Any CPU.ActiveCfg = Debug|Any CPU
		{A25449C0-986D-4E08-8425-1865A6EC4CCA}.Debug|Any CPU.Build.0 = Debug|Any CPU
		{A25449C0-986D-4E08-8425-1865A6EC4CCA}.Release|Any CPU.ActiveCfg = Release|Any CPU
		{A25449C0-986D-4E08-8425-1865A6EC4CCA}.Release|Any CPU.Build.0 = Release|Any CPU
	EndGlobalSection
	GlobalSection(SolutionProperties) = preSolution
		HideSolutionNode = FALSE
	EndGlobalSection
	GlobalSection(ExtensibilityGlobals) = postSolution
		SolutionGuid = {878D92A0-838E-4EAC-8CE4-F37FF17103B4}
	EndGlobalSection
EndGlobal
